// !$*UTF8*$!
{
	archiveVersion = 1;
	classes = {
	};
	objectVersion = 77;
	objects = {

/* Begin PBXBuildFile section */
		1AF5FF2CEF690D00642C3A37 /* ContentView.swift in Sources */ = {isa = PBXBuildFile; fileRef = 98E5DD9CF3AA88B8E5AB2620 /* ContentView.swift */; };
		1D44749C7C93E4DC42A957ED /* TrackerRepositoryTests.swift in Sources */ = {isa = PBXBuildFile; fileRef = 45CEFEB32AD9EBA9F1A06DF3 /* TrackerRepositoryTests.swift */; };
		3445177327DBEE420EAC9D71 /* RenewedWidget.swift in Sources */ = {isa = PBXBuildFile; fileRef = 6AFE12B4D82058E2D4E6F958 /* RenewedWidget.swift */; };
		396CEE9B353BD344DC23C2DD /* DateCalculationService.swift in Sources */ = {isa = PBXBuildFile; fileRef = 2B6A82AC5A1A0C88B58B7512 /* DateCalculationService.swift */; };
		4D1D42330A88C584717EFA94 /* DateCalculationServiceTests.swift in Sources */ = {isa = PBXBuildFile; fileRef = 1E18C5046C87B8585D9F610E /* DateCalculationServiceTests.swift */; };
		5993C10C69C2A211CAA5915D /* TrackerListView.swift in Sources */ = {isa = PBXBuildFile; fileRef = 24CEC173CB0AA0445A5AF25E /* TrackerListView.swift */; };
		61EC46CA3CCDA2C060757786 /* TrackerTests.swift in Sources */ = {isa = PBXBuildFile; fileRef = 411283F45317AA62F5D3BE1B /* TrackerTests.swift */; };
		92408B3BD16304646E52F30C /* RenewedWidgetBundle.swift in Sources */ = {isa = PBXBuildFile; fileRef = 442C61D349A29E726DAF4E10 /* RenewedWidgetBundle.swift */; };
		9502FF7139ECD56F7D611A0C /* Tracker.swift in Sources */ = {isa = PBXBuildFile; fileRef = 9CFE1C3C24BBDE97583AB65B /* Tracker.swift */; };
		A7553B50942C320AAD5F3DD3 /* TrackerCategory.swift in Sources */ = {isa = PBXBuildFile; fileRef = 89F4771B7CA1D303F08C21C5 /* TrackerCategory.swift */; };
		B15C7257E8E078064EAEC121 /* TrackerRepository.swift in Sources */ = {isa = PBXBuildFile; fileRef = FE2A3306704DA73C96729906 /* TrackerRepository.swift */; };
		BF05B4AFB47D36B8344FF0D8 /* SwiftDataTrackerRepository.swift in Sources */ = {isa = PBXBuildFile; fileRef = DC58BB83E261500351F9BDEA /* SwiftDataTrackerRepository.swift */; };
		C0F5E123488761034E91473B /* RenewedTests.swift in Sources */ = {isa = PBXBuildFile; fileRef = C0EA7AC54DE7E1E144A4D941 /* RenewedTests.swift */; };
		DA93607AA18C45E46A113C0D /* DefaultDateCalculationService.swift in Sources */ = {isa = PBXBuildFile; fileRef = E7C11D23A5541A470CA8E33D /* DefaultDateCalculationService.swift */; };
		FFF2D772317C58D53EAE9A67 /* RenewedApp.swift in Sources */ = {isa = PBXBuildFile; fileRef = 8C6BBFF749D4E801FD4A186C /* RenewedApp.swift */; };
/* End PBXBuildFile section */

/* Begin PBXContainerItemProxy section */
		D4D713FF0761016F7BFFCAE2 /* PBXContainerItemProxy */ = {
			isa = PBXContainerItemProxy;
			containerPortal = A94643718A78293D13D6D77B /* Project object */;
			proxyType = 1;
			remoteGlobalIDString = FC36E598559AB6926C09BA4B;
			remoteInfo = Renewed;
		};
/* End PBXContainerItemProxy section */

/* Begin PBXFileReference section */
		06DBE82BC759C230F1737AAA /* RenewedTests.xctest */ = {isa = PBXFileReference; includeInIndex = 0; lastKnownFileType = wrapper.cfbundle; path = RenewedTests.xctest; sourceTree = BUILT_PRODUCTS_DIR; };
		1E18C5046C87B8585D9F610E /* DateCalculationServiceTests.swift */ = {isa = PBXFileReference; lastKnownFileType = sourcecode.swift; path = DateCalculationServiceTests.swift; sourceTree = "<group>"; };
		1F93ADC8867894D16B0BB5CA /* Info.plist */ = {isa = PBXFileReference; lastKnownFileType = text.plist; path = Info.plist; sourceTree = "<group>"; };
		24CEC173CB0AA0445A5AF25E /* TrackerListView.swift */ = {isa = PBXFileReference; lastKnownFileType = sourcecode.swift; path = TrackerListView.swift; sourceTree = "<group>"; };
		2B6A82AC5A1A0C88B58B7512 /* DateCalculationService.swift */ = {isa = PBXFileReference; lastKnownFileType = sourcecode.swift; path = DateCalculationService.swift; sourceTree = "<group>"; };
		411283F45317AA62F5D3BE1B /* TrackerTests.swift */ = {isa = PBXFileReference; lastKnownFileType = sourcecode.swift; path = TrackerTests.swift; sourceTree = "<group>"; };
		442C61D349A29E726DAF4E10 /* RenewedWidgetBundle.swift */ = {isa = PBXFileReference; lastKnownFileType = sourcecode.swift; path = RenewedWidgetBundle.swift; sourceTree = "<group>"; };
		45CEFEB32AD9EBA9F1A06DF3 /* TrackerRepositoryTests.swift */ = {isa = PBXFileReference; lastKnownFileType = sourcecode.swift; path = TrackerRepositoryTests.swift; sourceTree = "<group>"; };
		5E0F01E452B85C6F87EC2795 /* RenewedWidget.appex */ = {isa = PBXFileReference; includeInIndex = 0; lastKnownFileType = "wrapper.app-extension"; path = RenewedWidget.appex; sourceTree = BUILT_PRODUCTS_DIR; };
		6AFE12B4D82058E2D4E6F958 /* RenewedWidget.swift */ = {isa = PBXFileReference; lastKnownFileType = sourcecode.swift; path = RenewedWidget.swift; sourceTree = "<group>"; };
		89F4771B7CA1D303F08C21C5 /* TrackerCategory.swift */ = {isa = PBXFileReference; lastKnownFileType = sourcecode.swift; path = TrackerCategory.swift; sourceTree = "<group>"; };
		8C6BBFF749D4E801FD4A186C /* RenewedApp.swift */ = {isa = PBXFileReference; lastKnownFileType = sourcecode.swift; path = RenewedApp.swift; sourceTree = "<group>"; };
		98E5DD9CF3AA88B8E5AB2620 /* ContentView.swift */ = {isa = PBXFileReference; lastKnownFileType = sourcecode.swift; path = ContentView.swift; sourceTree = "<group>"; };
		9CFE1C3C24BBDE97583AB65B /* Tracker.swift */ = {isa = PBXFileReference; lastKnownFileType = sourcecode.swift; path = Tracker.swift; sourceTree = "<group>"; };
		A4DC09C6AA7D0BC666AEF25C /* Renewed.entitlements */ = {isa = PBXFileReference; lastKnownFileType = text.plist.entitlements; path = Renewed.entitlements; sourceTree = "<group>"; };
		AA7C0BD36DBDA2FAFD62D4C0 /* Renewed.app */ = {isa = PBXFileReference; includeInIndex = 0; lastKnownFileType = wrapper.application; path = Renewed.app; sourceTree = BUILT_PRODUCTS_DIR; };
		C0EA7AC54DE7E1E144A4D941 /* RenewedTests.swift */ = {isa = PBXFileReference; lastKnownFileType = sourcecode.swift; path = RenewedTests.swift; sourceTree = "<group>"; };
		DC58BB83E261500351F9BDEA /* SwiftDataTrackerRepository.swift */ = {isa = PBXFileReference; lastKnownFileType = sourcecode.swift; path = SwiftDataTrackerRepository.swift; sourceTree = "<group>"; };
		E7C11D23A5541A470CA8E33D /* DefaultDateCalculationService.swift */ = {isa = PBXFileReference; lastKnownFileType = sourcecode.swift; path = DefaultDateCalculationService.swift; sourceTree = "<group>"; };
		FE2A3306704DA73C96729906 /* TrackerRepository.swift */ = {isa = PBXFileReference; lastKnownFileType = sourcecode.swift; path = TrackerRepository.swift; sourceTree = "<group>"; };
/* End PBXFileReference section */

/* Begin PBXGroup section */
		077C726CDA976CAC133C651E /* Views */ = {
			isa = PBXGroup;
			children = (
				BEC697DDC7E3E6A6C5C577AA /* Screens */,
			);
			path = Views;
			sourceTree = "<group>";
		};
		300D5D2725D1182B06362B8F /* Repositories */ = {
			isa = PBXGroup;
			children = (
				DC58BB83E261500351F9BDEA /* SwiftDataTrackerRepository.swift */,
				FE2A3306704DA73C96729906 /* TrackerRepository.swift */,
			);
			path = Repositories;
			sourceTree = "<group>";
		};
		3745F514A792E246FEE3D813 /* Unit */ = {
			isa = PBXGroup;
			children = (
				1E18C5046C87B8585D9F610E /* DateCalculationServiceTests.swift */,
				C0EA7AC54DE7E1E144A4D941 /* RenewedTests.swift */,
				45CEFEB32AD9EBA9F1A06DF3 /* TrackerRepositoryTests.swift */,
				411283F45317AA62F5D3BE1B /* TrackerTests.swift */,
			);
			path = Unit;
			sourceTree = "<group>";
		};
		4DE41C69A7C22A03ADA65285 /* Sources */ = {
			isa = PBXGroup;
			children = (
				8C6BBFF749D4E801FD4A186C /* RenewedApp.swift */,
				DD01D6B839D6E24079587289 /* Config */,
				4EB4CAB4DE016C09A69F313A /* Models */,
				300D5D2725D1182B06362B8F /* Repositories */,
				8937577D9A264EFF8BECA8F5 /* Services */,
				077C726CDA976CAC133C651E /* Views */,
			);
			path = Sources;
			sourceTree = "<group>";
		};
		4EB4CAB4DE016C09A69F313A /* Models */ = {
			isa = PBXGroup;
			children = (
				9CFE1C3C24BBDE97583AB65B /* Tracker.swift */,
				89F4771B7CA1D303F08C21C5 /* TrackerCategory.swift */,
			);
			path = Models;
			sourceTree = "<group>";
		};
		73F8723E515CD0BD6389788E = {
			isa = PBXGroup;
			children = (
				4DE41C69A7C22A03ADA65285 /* Sources */,
				D2D1A9458D82041142BB1E8B /* Tests */,
				C7B4BB2507389DF8A3851460 /* Widget */,
				8AE0149352ECA57921D2AF74 /* Products */,
			);
			sourceTree = "<group>";
		};
		789B96872DE884D008FBB01B /* Sources */ = {
			isa = PBXGroup;
			children = (
				6AFE12B4D82058E2D4E6F958 /* RenewedWidget.swift */,
				442C61D349A29E726DAF4E10 /* RenewedWidgetBundle.swift */,
			);
			path = Sources;
			sourceTree = "<group>";
		};
		8937577D9A264EFF8BECA8F5 /* Services */ = {
			isa = PBXGroup;
			children = (
				2B6A82AC5A1A0C88B58B7512 /* DateCalculationService.swift */,
				E7C11D23A5541A470CA8E33D /* DefaultDateCalculationService.swift */,
			);
			path = Services;
			sourceTree = "<group>";
		};
		8AE0149352ECA57921D2AF74 /* Products */ = {
			isa = PBXGroup;
			children = (
				AA7C0BD36DBDA2FAFD62D4C0 /* Renewed.app */,
				06DBE82BC759C230F1737AAA /* RenewedTests.xctest */,
				5E0F01E452B85C6F87EC2795 /* RenewedWidget.appex */,
			);
			name = Products;
			sourceTree = "<group>";
		};
		BEC697DDC7E3E6A6C5C577AA /* Screens */ = {
			isa = PBXGroup;
			children = (
				98E5DD9CF3AA88B8E5AB2620 /* ContentView.swift */,
				24CEC173CB0AA0445A5AF25E /* TrackerListView.swift */,
			);
			path = Screens;
			sourceTree = "<group>";
		};
		C7B4BB2507389DF8A3851460 /* Widget */ = {
			isa = PBXGroup;
			children = (
				789B96872DE884D008FBB01B /* Sources */,
			);
			path = Widget;
			sourceTree = "<group>";
		};
		D2D1A9458D82041142BB1E8B /* Tests */ = {
			isa = PBXGroup;
			children = (
				3745F514A792E246FEE3D813 /* Unit */,
			);
			path = Tests;
			sourceTree = "<group>";
		};
		DD01D6B839D6E24079587289 /* Config */ = {
			isa = PBXGroup;
			children = (
				1F93ADC8867894D16B0BB5CA /* Info.plist */,
				A4DC09C6AA7D0BC666AEF25C /* Renewed.entitlements */,
			);
			path = Config;
			sourceTree = "<group>";
		};
/* End PBXGroup section */

/* Begin PBXNativeTarget section */
		0679313A064384C1C3136D8F /* RenewedTests */ = {
			isa = PBXNativeTarget;
			buildConfigurationList = 27C47EB0774C9366CD2B94AD /* Build configuration list for PBXNativeTarget "RenewedTests" */;
			buildPhases = (
				89529C9F3F5D7A70E7F807C6 /* Sources */,
			);
			buildRules = (
			);
			dependencies = (
				5D6AA99173F42E0ADF7D2436 /* PBXTargetDependency */,
			);
			name = RenewedTests;
			packageProductDependencies = (
			);
			productName = RenewedTests;
			productReference = 06DBE82BC759C230F1737AAA /* RenewedTests.xctest */;
			productType = "com.apple.product-type.bundle.unit-test";
		};
		D947BC9ECAEFF43486B8BB41 /* RenewedWidget */ = {
			isa = PBXNativeTarget;
			buildConfigurationList = 4BB618ED2287E3C766DE6FB0 /* Build configuration list for PBXNativeTarget "RenewedWidget" */;
			buildPhases = (
				219DD95A918CEEAB793EC14A /* Sources */,
			);
			buildRules = (
			);
			dependencies = (
			);
			name = RenewedWidget;
			packageProductDependencies = (
			);
			productName = RenewedWidget;
			productReference = 5E0F01E452B85C6F87EC2795 /* RenewedWidget.appex */;
			productType = "com.apple.product-type.app-extension";
		};
		FC36E598559AB6926C09BA4B /* Renewed */ = {
			isa = PBXNativeTarget;
			buildConfigurationList = 090A3AF37646A74A68AFA2E3 /* Build configuration list for PBXNativeTarget "Renewed" */;
			buildPhases = (
				48D35782586A7BB08D2C00CF /* Sources */,
			);
			buildRules = (
			);
			dependencies = (
			);
			name = Renewed;
			packageProductDependencies = (
			);
			productName = Renewed;
			productReference = AA7C0BD36DBDA2FAFD62D4C0 /* Renewed.app */;
			productType = "com.apple.product-type.application";
		};
/* End PBXNativeTarget section */

/* Begin PBXProject section */
		A94643718A78293D13D6D77B /* Project object */ = {
			isa = PBXProject;
			attributes = {
				BuildIndependentTargetsInParallel = YES;
				LastUpgradeCheck = 1430;
				TargetAttributes = {
				};
			};
			buildConfigurationList = 22F4DCCB1AA9C66D3EC33656 /* Build configuration list for PBXProject "Renewed" */;
			developmentRegion = en;
			hasScannedForEncodings = 0;
			knownRegions = (
				Base,
				en,
			);
			mainGroup = 73F8723E515CD0BD6389788E;
			minimizedProjectReferenceProxies = 1;
			preferredProjectObjectVersion = 77;
			productRefGroup = 8AE0149352ECA57921D2AF74 /* Products */;
			projectDirPath = "";
			projectRoot = "";
			targets = (
				FC36E598559AB6926C09BA4B /* Renewed */,
				0679313A064384C1C3136D8F /* RenewedTests */,
				D947BC9ECAEFF43486B8BB41 /* RenewedWidget */,
			);
		};
/* End PBXProject section */

/* Begin PBXSourcesBuildPhase section */
		219DD95A918CEEAB793EC14A /* Sources */ = {
			isa = PBXSourcesBuildPhase;
			buildActionMask = 2147483647;
			files = (
				3445177327DBEE420EAC9D71 /* RenewedWidget.swift in Sources */,
				92408B3BD16304646E52F30C /* RenewedWidgetBundle.swift in Sources */,
			);
			runOnlyForDeploymentPostprocessing = 0;
		};
		48D35782586A7BB08D2C00CF /* Sources */ = {
			isa = PBXSourcesBuildPhase;
			buildActionMask = 2147483647;
			files = (
				1AF5FF2CEF690D00642C3A37 /* ContentView.swift in Sources */,
				396CEE9B353BD344DC23C2DD /* DateCalculationService.swift in Sources */,
				DA93607AA18C45E46A113C0D /* DefaultDateCalculationService.swift in Sources */,
				FFF2D772317C58D53EAE9A67 /* RenewedApp.swift in Sources */,
				BF05B4AFB47D36B8344FF0D8 /* SwiftDataTrackerRepository.swift in Sources */,
				9502FF7139ECD56F7D611A0C /* Tracker.swift in Sources */,
				A7553B50942C320AAD5F3DD3 /* TrackerCategory.swift in Sources */,
				5993C10C69C2A211CAA5915D /* TrackerListView.swift in Sources */,
				B15C7257E8E078064EAEC121 /* TrackerRepository.swift in Sources */,
			);
			runOnlyForDeploymentPostprocessing = 0;
		};
		89529C9F3F5D7A70E7F807C6 /* Sources */ = {
			isa = PBXSourcesBuildPhase;
			buildActionMask = 2147483647;
			files = (
				4D1D42330A88C584717EFA94 /* DateCalculationServiceTests.swift in Sources */,
				C0F5E123488761034E91473B /* RenewedTests.swift in Sources */,
				1D44749C7C93E4DC42A957ED /* TrackerRepositoryTests.swift in Sources */,
				61EC46CA3CCDA2C060757786 /* TrackerTests.swift in Sources */,
			);
			runOnlyForDeploymentPostprocessing = 0;
		};
/* End PBXSourcesBuildPhase section */

/* Begin PBXTargetDependency section */
		5D6AA99173F42E0ADF7D2436 /* PBXTargetDependency */ = {
			isa = PBXTargetDependency;
			target = FC36E598559AB6926C09BA4B /* Renewed */;
			targetProxy = D4D713FF0761016F7BFFCAE2 /* PBXContainerItemProxy */;
		};
/* End PBXTargetDependency section */

/* Begin XCBuildConfiguration section */
		23022B3ECCEBA44C5F8571DB /* Debug */ = {
			isa = XCBuildConfiguration;
			buildSettings = {
				ALWAYS_SEARCH_USER_PATHS = NO;
				CLANG_ANALYZER_NONNULL = YES;
				CLANG_ANALYZER_NUMBER_OBJECT_CONVERSION = YES_AGGRESSIVE;
				CLANG_CXX_LANGUAGE_STANDARD = "gnu++14";
				CLANG_CXX_LIBRARY = "libc++";
				CLANG_ENABLE_MODULES = YES;
				CLANG_ENABLE_OBJC_ARC = YES;
				CLANG_ENABLE_OBJC_WEAK = YES;
				CLANG_WARN_BLOCK_CAPTURE_AUTORELEASING = YES;
				CLANG_WARN_BOOL_CONVERSION = YES;
				CLANG_WARN_COMMA = YES;
				CLANG_WARN_CONSTANT_CONVERSION = YES;
				CLANG_WARN_DEPRECATED_OBJC_IMPLEMENTATIONS = YES;
				CLANG_WARN_DIRECT_OBJC_ISA_USAGE = YES_ERROR;
				CLANG_WARN_DOCUMENTATION_COMMENTS = YES;
				CLANG_WARN_EMPTY_BODY = YES;
				CLANG_WARN_ENUM_CONVERSION = YES;
				CLANG_WARN_INFINITE_RECURSION = YES;
				CLANG_WARN_INT_CONVERSION = YES;
				CLANG_WARN_NON_LITERAL_NULL_CONVERSION = YES;
				CLANG_WARN_OBJC_IMPLICIT_RETAIN_SELF = YES;
				CLANG_WARN_OBJC_LITERAL_CONVERSION = YES;
				CLANG_WARN_OBJC_ROOT_CLASS = YES_ERROR;
				CLANG_WARN_QUOTED_INCLUDE_IN_FRAMEWORK_HEADER = YES;
				CLANG_WARN_RANGE_LOOP_ANALYSIS = YES;
				CLANG_WARN_STRICT_PROTOTYPES = YES;
				CLANG_WARN_SUSPICIOUS_MOVE = YES;
				CLANG_WARN_UNGUARDED_AVAILABILITY = YES_AGGRESSIVE;
				CLANG_WARN_UNREACHABLE_CODE = YES;
				CLANG_WARN__DUPLICATE_METHOD_MATCH = YES;
				COPY_PHASE_STRIP = NO;
				DEBUG_INFORMATION_FORMAT = dwarf;
				ENABLE_STRICT_OBJC_MSGSEND = YES;
				ENABLE_TESTABILITY = YES;
				GCC_C_LANGUAGE_STANDARD = gnu11;
				GCC_DYNAMIC_NO_PIC = NO;
				GCC_NO_COMMON_BLOCKS = YES;
				GCC_OPTIMIZATION_LEVEL = 0;
				GCC_PREPROCESSOR_DEFINITIONS = (
					"$(inherited)",
					"DEBUG=1",
				);
				GCC_WARN_64_TO_32_BIT_CONVERSION = YES;
				GCC_WARN_ABOUT_RETURN_TYPE = YES_ERROR;
				GCC_WARN_UNDECLARED_SELECTOR = YES;
				GCC_WARN_UNINITIALIZED_AUTOS = YES_AGGRESSIVE;
				GCC_WARN_UNUSED_FUNCTION = YES;
				GCC_WARN_UNUSED_VARIABLE = YES;
				MTL_ENABLE_DEBUG_INFO = INCLUDE_SOURCE;
				MTL_FAST_MATH = YES;
				ONLY_ACTIVE_ARCH = YES;
				PRODUCT_NAME = "$(TARGET_NAME)";
				SDKROOT = iphoneos;
				SWIFT_ACTIVE_COMPILATION_CONDITIONS = DEBUG;
				SWIFT_OPTIMIZATION_LEVEL = "-Onone";
				SWIFT_VERSION = 5.0;
			};
			name = Debug;
		};
		6574447449FF73B7D78AB8F1 /* Release */ = {
			isa = XCBuildConfiguration;
			buildSettings = {
				CODE_SIGN_ENTITLEMENTS = Widget/Config/RenewedWidget.entitlements;
				INFOPLIST_FILE = Widget/Config/Info.plist;
				LD_RUNPATH_SEARCH_PATHS = (
					"$(inherited)",
					"@executable_path/Frameworks",
					"@executable_path/../../Frameworks",
				);
				PRODUCT_BUNDLE_IDENTIFIER = com.benniemosher.renewed.widget;
				SDKROOT = iphoneos;
				TARGETED_DEVICE_FAMILY = "1,2";
			};
			name = Release;
		};
		9E4599CE389FECC198AE7E29 /* Debug */ = {
			isa = XCBuildConfiguration;
			buildSettings = {
				ASSETCATALOG_COMPILER_APPICON_NAME = AppIcon;
				CODE_SIGN_ENTITLEMENTS = Sources/Config/Renewed.entitlements;
				CODE_SIGN_IDENTITY = "iPhone Developer";
				INFOPLIST_FILE = Sources/Config/Info.plist;
				LD_RUNPATH_SEARCH_PATHS = (
					"$(inherited)",
					"@executable_path/Frameworks",
				);
				PRODUCT_BUNDLE_IDENTIFIER = com.benniemosher.renewed;
				SDKROOT = iphoneos;
				TARGETED_DEVICE_FAMILY = "1,2";
			};
			name = Debug;
		};
		AC66A5EE4F70BCC032A18C8C /* Release */ = {
			isa = XCBuildConfiguration;
			buildSettings = {
				ASSETCATALOG_COMPILER_APPICON_NAME = AppIcon;
				CODE_SIGN_ENTITLEMENTS = Sources/Config/Renewed.entitlements;
				CODE_SIGN_IDENTITY = "iPhone Developer";
				INFOPLIST_FILE = Sources/Config/Info.plist;
				LD_RUNPATH_SEARCH_PATHS = (
					"$(inherited)",
					"@executable_path/Frameworks",
				);
				PRODUCT_BUNDLE_IDENTIFIER = com.benniemosher.renewed;
				SDKROOT = iphoneos;
				TARGETED_DEVICE_FAMILY = "1,2";
			};
			name = Release;
		};
		B3942DF3BCC75870371B3A6E /* Debug */ = {
			isa = XCBuildConfiguration;
			buildSettings = {
				BUNDLE_LOADER = "$(TEST_HOST)";
				INFOPLIST_FILE = Tests/Info.plist;
				LD_RUNPATH_SEARCH_PATHS = (
					"$(inherited)",
					"@executable_path/Frameworks",
					"@loader_path/Frameworks",
				);
				PRODUCT_BUNDLE_IDENTIFIER = com.benniemosher.renewed.tests;
				SDKROOT = iphoneos;
				TARGETED_DEVICE_FAMILY = "1,2";
				TEST_HOST = "$(BUILT_PRODUCTS_DIR)/Renewed.app/Renewed";
			};
			name = Debug;
		};
		D65BD5E3750CC497B2CBF8E2 /* Release */ = {
			isa = XCBuildConfiguration;
			buildSettings = {
				BUNDLE_LOADER = "$(TEST_HOST)";
				INFOPLIST_FILE = Tests/Info.plist;
				LD_RUNPATH_SEARCH_PATHS = (
					"$(inherited)",
					"@executable_path/Frameworks",
					"@loader_path/Frameworks",
				);
				PRODUCT_BUNDLE_IDENTIFIER = com.benniemosher.renewed.tests;
				SDKROOT = iphoneos;
				TARGETED_DEVICE_FAMILY = "1,2";
				TEST_HOST = "$(BUILT_PRODUCTS_DIR)/Renewed.app/Renewed";
			};
			name = Release;
		};
		EE784114A2174D7E6E07B894 /* Debug */ = {
			isa = XCBuildConfiguration;
			buildSettings = {
				CODE_SIGN_ENTITLEMENTS = Widget/Config/RenewedWidget.entitlements;
				INFOPLIST_FILE = Widget/Config/Info.plist;
				LD_RUNPATH_SEARCH_PATHS = (
					"$(inherited)",
					"@executable_path/Frameworks",
					"@executable_path/../../Frameworks",
				);
				PRODUCT_BUNDLE_IDENTIFIER = com.benniemosher.renewed.widget;
				SDKROOT = iphoneos;
				TARGETED_DEVICE_FAMILY = "1,2";
			};
			name = Debug;
		};
		F1EC73B6107F5C7E6B1054FD /* Release */ = {
			isa = XCBuildConfiguration;
			buildSettings = {
				ALWAYS_SEARCH_USER_PATHS = NO;
				CLANG_ANALYZER_NONNULL = YES;
				CLANG_ANALYZER_NUMBER_OBJECT_CONVERSION = YES_AGGRESSIVE;
				CLANG_CXX_LANGUAGE_STANDARD = "gnu++14";
				CLANG_CXX_LIBRARY = "libc++";
				CLANG_ENABLE_MODULES = YES;
				CLANG_ENABLE_OBJC_ARC = YES;
				CLANG_ENABLE_OBJC_WEAK = YES;
				CLANG_WARN_BLOCK_CAPTURE_AUTORELEASING = YES;
				CLANG_WARN_BOOL_CONVERSION = YES;
				CLANG_WARN_COMMA = YES;
				CLANG_WARN_CONSTANT_CONVERSION = YES;
				CLANG_WARN_DEPRECATED_OBJC_IMPLEMENTATIONS = YES;
				CLANG_WARN_DIRECT_OBJC_ISA_USAGE = YES_ERROR;
				CLANG_WARN_DOCUMENTATION_COMMENTS = YES;
				CLANG_WARN_EMPTY_BODY = YES;
				CLANG_WARN_ENUM_CONVERSION = YES;
				CLANG_WARN_INFINITE_RECURSION = YES;
				CLANG_WARN_INT_CONVERSION = YES;
				CLANG_WARN_NON_LITERAL_NULL_CONVERSION = YES;
				CLANG_WARN_OBJC_IMPLICIT_RETAIN_SELF = YES;
				CLANG_WARN_OBJC_LITERAL_CONVERSION = YES;
				CLANG_WARN_OBJC_ROOT_CLASS = YES_ERROR;
				CLANG_WARN_QUOTED_INCLUDE_IN_FRAMEWORK_HEADER = YES;
				CLANG_WARN_RANGE_LOOP_ANALYSIS = YES;
				CLANG_WARN_STRICT_PROTOTYPES = YES;
				CLANG_WARN_SUSPICIOUS_MOVE = YES;
				CLANG_WARN_UNGUARDED_AVAILABILITY = YES_AGGRESSIVE;
				CLANG_WARN_UNREACHABLE_CODE = YES;
				CLANG_WARN__DUPLICATE_METHOD_MATCH = YES;
				COPY_PHASE_STRIP = NO;
				DEBUG_INFORMATION_FORMAT = "dwarf-with-dsym";
				ENABLE_NS_ASSERTIONS = NO;
				ENABLE_STRICT_OBJC_MSGSEND = YES;
				GCC_C_LANGUAGE_STANDARD = gnu11;
				GCC_NO_COMMON_BLOCKS = YES;
				GCC_WARN_64_TO_32_BIT_CONVERSION = YES;
				GCC_WARN_ABOUT_RETURN_TYPE = YES_ERROR;
				GCC_WARN_UNDECLARED_SELECTOR = YES;
				GCC_WARN_UNINITIALIZED_AUTOS = YES_AGGRESSIVE;
				GCC_WARN_UNUSED_FUNCTION = YES;
				GCC_WARN_UNUSED_VARIABLE = YES;
				MTL_ENABLE_DEBUG_INFO = NO;
				MTL_FAST_MATH = YES;
				PRODUCT_NAME = "$(TARGET_NAME)";
				SDKROOT = iphoneos;
				SWIFT_COMPILATION_MODE = wholemodule;
				SWIFT_OPTIMIZATION_LEVEL = "-O";
				SWIFT_VERSION = 5.0;
			};
			name = Release;
		};
/* End XCBuildConfiguration section */

/* Begin XCConfigurationList section */
		090A3AF37646A74A68AFA2E3 /* Build configuration list for PBXNativeTarget "Renewed" */ = {
			isa = XCConfigurationList;
			buildConfigurations = (
				9E4599CE389FECC198AE7E29 /* Debug */,
				AC66A5EE4F70BCC032A18C8C /* Release */,
			);
			defaultConfigurationIsVisible = 0;
			defaultConfigurationName = Debug;
		};
		22F4DCCB1AA9C66D3EC33656 /* Build configuration list for PBXProject "Renewed" */ = {
			isa = XCConfigurationList;
			buildConfigurations = (
				23022B3ECCEBA44C5F8571DB /* Debug */,
				F1EC73B6107F5C7E6B1054FD /* Release */,
			);
			defaultConfigurationIsVisible = 0;
			defaultConfigurationName = Debug;
		};
		27C47EB0774C9366CD2B94AD /* Build configuration list for PBXNativeTarget "RenewedTests" */ = {
			isa = XCConfigurationList;
			buildConfigurations = (
				B3942DF3BCC75870371B3A6E /* Debug */,
				D65BD5E3750CC497B2CBF8E2 /* Release */,
			);
			defaultConfigurationIsVisible = 0;
			defaultConfigurationName = Debug;
		};
		4BB618ED2287E3C766DE6FB0 /* Build configuration list for PBXNativeTarget "RenewedWidget" */ = {
			isa = XCConfigurationList;
			buildConfigurations = (
				EE784114A2174D7E6E07B894 /* Debug */,
				6574447449FF73B7D78AB8F1 /* Release */,
			);
			defaultConfigurationIsVisible = 0;
			defaultConfigurationName = Debug;
		};
/* End XCConfigurationList section */
	};
	rootObject = A94643718A78293D13D6D77B /* Project object */;
}
